
Microsoft Visual Studio Solution File, Format Version 12.00
# Visual Studio Version 17
VisualStudioVersion = 17.6.33801.468
MinimumVisualStudioVersion = 10.0.40219.1
Project("{9A19103F-16F7-4668-BE54-9A1E7A4F7556}") = "hospital1", "hospital1.csproj", "{ED46D975-73C9-4A53-8238-18F95EE20383}"
EndProject
Global
	GlobalSection(SolutionConfigurationPlatforms) = preSolution
		Debug|Any CPU = Debug|Any CPU
		Release|Any CPU = Release|Any CPU
	EndGlobalSection
	GlobalSection(ProjectConfigurationPlatforms) = postSolution
		{ED46D975-73C9-4A53-8238-18F95EE20383}.Debug|Any CPU.ActiveCfg = Debug|Any CPU
		{ED46D975-73C9-4A53-8238-18F95EE20383}.Debug|Any CPU.Build.0 = Debug|Any CPU
		{ED46D975-73C9-4A53-8238-18F95EE20383}.Release|Any CPU.ActiveCfg = Release|Any CPU
		{ED46D975-73C9-4A53-8238-18F95EE20383}.Release|Any CPU.Build.0 = Release|Any CPU
	EndGlobalSection
	GlobalSection(SolutionProperties) = preSolution
		HideSolutionNode = FALSE
	EndGlobalSection
	GlobalSection(ExtensibilityGlobals) = postSolution
		SolutionGuid = {C310E5F7-7882-41C5-B644-B44E3590CBD0}
	EndGlobalSection
EndGlobal
